// !$*UTF8*$!
{
	archiveVersion = 1;
	classes = {
	};
	objectVersion = 46;
	objects = {

/* Begin PBXBuildFile section */
		3D21399E1BA252AD00EBCB11 /* JandaManateeSolid.ttf in Resources */ = {isa = PBXBuildFile; fileRef = 3D21399D1BA252AD00EBCB11 /* JandaManateeSolid.ttf */; };
		3D93CBE41B80F313001AD6E1 /* main.m in Sources */ = {isa = PBXBuildFile; fileRef = 3D93CBE31B80F313001AD6E1 /* main.m */; };
		3D93CBE71B80F313001AD6E1 /* AppDelegate.m in Sources */ = {isa = PBXBuildFile; fileRef = 3D93CBE61B80F313001AD6E1 /* AppDelegate.m */; };
		3D93CBEA1B80F313001AD6E1 /* ViewController.m in Sources */ = {isa = PBXBuildFile; fileRef = 3D93CBE91B80F313001AD6E1 /* ViewController.m */; };
		3D93CBED1B80F313001AD6E1 /* Main.storyboard in Resources */ = {isa = PBXBuildFile; fileRef = 3D93CBEB1B80F313001AD6E1 /* Main.storyboard */; };
		3D93CBEF1B80F313001AD6E1 /* Assets.xcassets in Resources */ = {isa = PBXBuildFile; fileRef = 3D93CBEE1B80F313001AD6E1 /* Assets.xcassets */; };
		3D93CBF21B80F313001AD6E1 /* LaunchScreen.storyboard in Resources */ = {isa = PBXBuildFile; fileRef = 3D93CBF01B80F313001AD6E1 /* LaunchScreen.storyboard */; };
		3D93CBFD1B80F313001AD6E1 /* crystalBallTests.m in Sources */ = {isa = PBXBuildFile; fileRef = 3D93CBFC1B80F313001AD6E1 /* crystalBallTests.m */; };
		3D93CC081B80F313001AD6E1 /* crystalBallUITests.m in Sources */ = {isa = PBXBuildFile; fileRef = 3D93CC071B80F313001AD6E1 /* crystalBallUITests.m */; };
		3D93CC161B80F78D001AD6E1 /* AVFoundation.framework in Frameworks */ = {isa = PBXBuildFile; fileRef = 3D93CC151B80F78D001AD6E1 /* AVFoundation.framework */; };
		3D93CC181B80F798001AD6E1 /* CoreGraphics.framework in Frameworks */ = {isa = PBXBuildFile; fileRef = 3D93CC171B80F798001AD6E1 /* CoreGraphics.framework */; };
		3D93CC1A1B80F7A2001AD6E1 /* UIKit.framework in Frameworks */ = {isa = PBXBuildFile; fileRef = 3D93CC191B80F7A2001AD6E1 /* UIKit.framework */; };
		3D93CC1C1B80F7AF001AD6E1 /* Foundation.framework in Frameworks */ = {isa = PBXBuildFile; fileRef = 3D93CC1B1B80F7AF001AD6E1 /* Foundation.framework */; };
		3D93CC271B81019F001AD6E1 /* AudioToolbox.framework in Frameworks */ = {isa = PBXBuildFile; fileRef = 3D93CC261B81019F001AD6E1 /* AudioToolbox.framework */; };
		3D93CC371B810395001AD6E1 /* AcousticModelEnglish.bundle in Resources */ = {isa = PBXBuildFile; fileRef = 3D93CC331B810395001AD6E1 /* AcousticModelEnglish.bundle */; };
		3D93CC381B810395001AD6E1 /* AcousticModelSpanish.bundle in Resources */ = {isa = PBXBuildFile; fileRef = 3D93CC341B810395001AD6E1 /* AcousticModelSpanish.bundle */; };
		3D93CC391B810395001AD6E1 /* OpenEars.framework in Frameworks */ = {isa = PBXBuildFile; fileRef = 3D93CC351B810395001AD6E1 /* OpenEars.framework */; };
		3D93CC3A1B810395001AD6E1 /* Slt.framework in Frameworks */ = {isa = PBXBuildFile; fileRef = 3D93CC361B810395001AD6E1 /* Slt.framework */; };
		3D93CC9E1B8134C8001AD6E1 /* MyParticle.sks in Resources */ = {isa = PBXBuildFile; fileRef = 3D93CC9C1B8134C8001AD6E1 /* MyParticle.sks */; };
		3D93CC9F1B8134C8001AD6E1 /* spark.png in Resources */ = {isa = PBXBuildFile; fileRef = 3D93CC9D1B8134C8001AD6E1 /* spark.png */; };
		3D93CCA21B8135E1001AD6E1 /* DragonLady.m in Sources */ = {isa = PBXBuildFile; fileRef = 3D93CCA11B8135E1001AD6E1 /* DragonLady.m */; };
		3D93CCA61B81379F001AD6E1 /* NSString+Emojize.m in Sources */ = {isa = PBXBuildFile; fileRef = 3D93CCA51B81379F001AD6E1 /* NSString+Emojize.m */; };
/* End PBXBuildFile section */

/* Begin PBXContainerItemProxy section */
		3D93CBF91B80F313001AD6E1 /* PBXContainerItemProxy */ = {
			isa = PBXContainerItemProxy;
			containerPortal = 3D93CBD71B80F312001AD6E1 /* Project object */;
			proxyType = 1;
			remoteGlobalIDString = 3D93CBDE1B80F313001AD6E1;
			remoteInfo = crystalBall;
		};
		3D93CC041B80F313001AD6E1 /* PBXContainerItemProxy */ = {
			isa = PBXContainerItemProxy;
			containerPortal = 3D93CBD71B80F312001AD6E1 /* Project object */;
			proxyType = 1;
			remoteGlobalIDString = 3D93CBDE1B80F313001AD6E1;
			remoteInfo = crystalBall;
		};
/* End PBXContainerItemProxy section */

/* Begin PBXFileReference section */
		3D21399D1BA252AD00EBCB11 /* JandaManateeSolid.ttf */ = {isa = PBXFileReference; lastKnownFileType = file; name = JandaManateeSolid.ttf; path = ../../../../Downloads/janda_manatee/JandaManateeSolid.ttf; sourceTree = "<group>"; };
		3D93CBDF1B80F313001AD6E1 /* crystalBall.app */ = {isa = PBXFileReference; explicitFileType = wrapper.application; includeInIndex = 0; path = crystalBall.app; sourceTree = BUILT_PRODUCTS_DIR; };
		3D93CBE31B80F313001AD6E1 /* main.m */ = {isa = PBXFileReference; lastKnownFileType = sourcecode.c.objc; path = main.m; sourceTree = "<group>"; };
		3D93CBE51B80F313001AD6E1 /* AppDelegate.h */ = {isa = PBXFileReference; lastKnownFileType = sourcecode.c.h; path = AppDelegate.h; sourceTree = "<group>"; };
		3D93CBE61B80F313001AD6E1 /* AppDelegate.m */ = {isa = PBXFileReference; lastKnownFileType = sourcecode.c.objc; path = AppDelegate.m; sourceTree = "<group>"; };
		3D93CBE81B80F313001AD6E1 /* ViewController.h */ = {isa = PBXFileReference; lastKnownFileType = sourcecode.c.h; path = ViewController.h; sourceTree = "<group>"; };
		3D93CBE91B80F313001AD6E1 /* ViewController.m */ = {isa = PBXFileReference; lastKnownFileType = sourcecode.c.objc; path = ViewController.m; sourceTree = "<group>"; };
		3D93CBEC1B80F313001AD6E1 /* Base */ = {isa = PBXFileReference; lastKnownFileType = file.storyboard; name = Base; path = Base.lproj/Main.storyboard; sourceTree = "<group>"; };
		3D93CBEE1B80F313001AD6E1 /* Assets.xcassets */ = {isa = PBXFileReference; lastKnownFileType = folder.assetcatalog; path = Assets.xcassets; sourceTree = "<group>"; };
		3D93CBF11B80F313001AD6E1 /* Base */ = {isa = PBXFileReference; lastKnownFileType = file.storyboard; name = Base; path = Base.lproj/LaunchScreen.storyboard; sourceTree = "<group>"; };
		3D93CBF31B80F313001AD6E1 /* Info.plist */ = {isa = PBXFileReference; lastKnownFileType = text.plist.xml; path = Info.plist; sourceTree = "<group>"; };
		3D93CBF81B80F313001AD6E1 /* crystalBallTests.xctest */ = {isa = PBXFileReference; explicitFileType = wrapper.cfbundle; includeInIndex = 0; path = crystalBallTests.xctest; sourceTree = BUILT_PRODUCTS_DIR; };
		3D93CBFC1B80F313001AD6E1 /* crystalBallTests.m */ = {isa = PBXFileReference; lastKnownFileType = sourcecode.c.objc; path = crystalBallTests.m; sourceTree = "<group>"; };
		3D93CBFE1B80F313001AD6E1 /* Info.plist */ = {isa = PBXFileReference; lastKnownFileType = text.plist.xml; path = Info.plist; sourceTree = "<group>"; };
		3D93CC031B80F313001AD6E1 /* crystalBallUITests.xctest */ = {isa = PBXFileReference; explicitFileType = wrapper.cfbundle; includeInIndex = 0; path = crystalBallUITests.xctest; sourceTree = BUILT_PRODUCTS_DIR; };
		3D93CC071B80F313001AD6E1 /* crystalBallUITests.m */ = {isa = PBXFileReference; lastKnownFileType = sourcecode.c.objc; path = crystalBallUITests.m; sourceTree = "<group>"; };
		3D93CC091B80F313001AD6E1 /* Info.plist */ = {isa = PBXFileReference; lastKnownFileType = text.plist.xml; path = Info.plist; sourceTree = "<group>"; };
		3D93CC151B80F78D001AD6E1 /* AVFoundation.framework */ = {isa = PBXFileReference; lastKnownFileType = wrapper.framework; name = AVFoundation.framework; path = System/Library/Frameworks/AVFoundation.framework; sourceTree = SDKROOT; };
		3D93CC171B80F798001AD6E1 /* CoreGraphics.framework */ = {isa = PBXFileReference; lastKnownFileType = wrapper.framework; name = CoreGraphics.framework; path = System/Library/Frameworks/CoreGraphics.framework; sourceTree = SDKROOT; };
		3D93CC191B80F7A2001AD6E1 /* UIKit.framework */ = {isa = PBXFileReference; lastKnownFileType = wrapper.framework; name = UIKit.framework; path = System/Library/Frameworks/UIKit.framework; sourceTree = SDKROOT; };
		3D93CC1B1B80F7AF001AD6E1 /* Foundation.framework */ = {isa = PBXFileReference; lastKnownFileType = wrapper.framework; name = Foundation.framework; path = System/Library/Frameworks/Foundation.framework; sourceTree = SDKROOT; };
		3D93CC261B81019F001AD6E1 /* AudioToolbox.framework */ = {isa = PBXFileReference; lastKnownFileType = wrapper.framework; name = AudioToolbox.framework; path = System/Library/Frameworks/AudioToolbox.framework; sourceTree = SDKROOT; };
		3D93CC331B810395001AD6E1 /* AcousticModelEnglish.bundle */ = {isa = PBXFileReference; lastKnownFileType = "wrapper.plug-in"; path = AcousticModelEnglish.bundle; sourceTree = "<group>"; };
		3D93CC341B810395001AD6E1 /* AcousticModelSpanish.bundle */ = {isa = PBXFileReference; lastKnownFileType = "wrapper.plug-in"; path = AcousticModelSpanish.bundle; sourceTree = "<group>"; };
		3D93CC351B810395001AD6E1 /* OpenEars.framework */ = {isa = PBXFileReference; lastKnownFileType = wrapper.framework; path = OpenEars.framework; sourceTree = "<group>"; };
		3D93CC361B810395001AD6E1 /* Slt.framework */ = {isa = PBXFileReference; lastKnownFileType = wrapper.framework; path = Slt.framework; sourceTree = "<group>"; };
		3D93CC9C1B8134C8001AD6E1 /* MyParticle.sks */ = {isa = PBXFileReference; lastKnownFileType = file.sks; path = MyParticle.sks; sourceTree = "<group>"; };
		3D93CC9D1B8134C8001AD6E1 /* spark.png */ = {isa = PBXFileReference; lastKnownFileType = image.png; path = spark.png; sourceTree = "<group>"; };
		3D93CCA01B8135E1001AD6E1 /* DragonLady.h */ = {isa = PBXFileReference; fileEncoding = 4; lastKnownFileType = sourcecode.c.h; path = DragonLady.h; sourceTree = "<group>"; };
		3D93CCA11B8135E1001AD6E1 /* DragonLady.m */ = {isa = PBXFileReference; fileEncoding = 4; lastKnownFileType = sourcecode.c.objc; path = DragonLady.m; sourceTree = "<group>"; };
		3D93CCA31B81379F001AD6E1 /* emojis.h */ = {isa = PBXFileReference; fileEncoding = 4; lastKnownFileType = sourcecode.c.h; path = emojis.h; sourceTree = "<group>"; };
		3D93CCA41B81379F001AD6E1 /* NSString+Emojize.h */ = {isa = PBXFileReference; fileEncoding = 4; lastKnownFileType = sourcecode.c.h; path = "NSString+Emojize.h"; sourceTree = "<group>"; };
		3D93CCA51B81379F001AD6E1 /* NSString+Emojize.m */ = {isa = PBXFileReference; fileEncoding = 4; lastKnownFileType = sourcecode.c.objc; path = "NSString+Emojize.m"; sourceTree = "<group>"; };
/* End PBXFileReference section */

/* Begin PBXFrameworksBuildPhase section */
		3D93CBDC1B80F313001AD6E1 /* Frameworks */ = {
			isa = PBXFrameworksBuildPhase;
			buildActionMask = 2147483647;
			files = (
				3D93CC271B81019F001AD6E1 /* AudioToolbox.framework in Frameworks */,
				3D93CC3A1B810395001AD6E1 /* Slt.framework in Frameworks */,
				3D93CC1C1B80F7AF001AD6E1 /* Foundation.framework in Frameworks */,
				3D93CC1A1B80F7A2001AD6E1 /* UIKit.framework in Frameworks */,
				3D93CC181B80F798001AD6E1 /* CoreGraphics.framework in Frameworks */,
				3D93CC161B80F78D001AD6E1 /* AVFoundation.framework in Frameworks */,
				3D93CC391B810395001AD6E1 /* OpenEars.framework in Frameworks */,
			);
			runOnlyForDeploymentPostprocessing = 0;
		};
		3D93CBF51B80F313001AD6E1 /* Frameworks */ = {
			isa = PBXFrameworksBuildPhase;
			buildActionMask = 2147483647;
			files = (
			);
			runOnlyForDeploymentPostprocessing = 0;
		};
		3D93CC001B80F313001AD6E1 /* Frameworks */ = {
			isa = PBXFrameworksBuildPhase;
			buildActionMask = 2147483647;
			files = (
			);
			runOnlyForDeploymentPostprocessing = 0;
		};
/* End PBXFrameworksBuildPhase section */

/* Begin PBXGroup section */
		3D93CBD61B80F312001AD6E1 = {
			isa = PBXGroup;
			children = (
				3D93CC321B810395001AD6E1 /* Framework */,
				3D93CC261B81019F001AD6E1 /* AudioToolbox.framework */,
				3D93CC1B1B80F7AF001AD6E1 /* Foundation.framework */,
				3D93CC191B80F7A2001AD6E1 /* UIKit.framework */,
				3D93CC171B80F798001AD6E1 /* CoreGraphics.framework */,
				3D93CC151B80F78D001AD6E1 /* AVFoundation.framework */,
				3D93CBE11B80F313001AD6E1 /* crystalBall */,
				3D93CBFB1B80F313001AD6E1 /* crystalBallTests */,
				3D93CC061B80F313001AD6E1 /* crystalBallUITests */,
				3D93CBE01B80F313001AD6E1 /* Products */,
			);
			sourceTree = "<group>";
		};
		3D93CBE01B80F313001AD6E1 /* Products */ = {
			isa = PBXGroup;
			children = (
				3D93CBDF1B80F313001AD6E1 /* crystalBall.app */,
				3D93CBF81B80F313001AD6E1 /* crystalBallTests.xctest */,
				3D93CC031B80F313001AD6E1 /* crystalBallUITests.xctest */,
			);
			name = Products;
			sourceTree = "<group>";
		};
		3D93CBE11B80F313001AD6E1 /* crystalBall */ = {
			isa = PBXGroup;
			children = (
				3D93CCA31B81379F001AD6E1 /* emojis.h */,
				3D93CCA41B81379F001AD6E1 /* NSString+Emojize.h */,
				3D93CCA51B81379F001AD6E1 /* NSString+Emojize.m */,
				3D93CBE51B80F313001AD6E1 /* AppDelegate.h */,
				3D93CBE61B80F313001AD6E1 /* AppDelegate.m */,
				3D93CBE81B80F313001AD6E1 /* ViewController.h */,
				3D93CBE91B80F313001AD6E1 /* ViewController.m */,
				3D93CCA01B8135E1001AD6E1 /* DragonLady.h */,
				3D93CCA11B8135E1001AD6E1 /* DragonLady.m */,
				3D93CBEB1B80F313001AD6E1 /* Main.storyboard */,
				3D93CBEE1B80F313001AD6E1 /* Assets.xcassets */,
				3D93CBF01B80F313001AD6E1 /* LaunchScreen.storyboard */,
				3D93CBF31B80F313001AD6E1 /* Info.plist */,
				3D93CBE21B80F313001AD6E1 /* Supporting Files */,
				3D93CC9C1B8134C8001AD6E1 /* MyParticle.sks */,
				3D93CC9D1B8134C8001AD6E1 /* spark.png */,
			);
			path = crystalBall;
			sourceTree = "<group>";
		};
		3D93CBE21B80F313001AD6E1 /* Supporting Files */ = {
			isa = PBXGroup;
			children = (
				3D21399D1BA252AD00EBCB11 /* JandaManateeSolid.ttf */,
				3D93CBE31B80F313001AD6E1 /* main.m */,
			);
			name = "Supporting Files";
			sourceTree = "<group>";
		};
		3D93CBFB1B80F313001AD6E1 /* crystalBallTests */ = {
			isa = PBXGroup;
			children = (
				3D93CBFC1B80F313001AD6E1 /* crystalBallTests.m */,
				3D93CBFE1B80F313001AD6E1 /* Info.plist */,
			);
			path = crystalBallTests;
			sourceTree = "<group>";
		};
		3D93CC061B80F313001AD6E1 /* crystalBallUITests */ = {
			isa = PBXGroup;
			children = (
				3D93CC071B80F313001AD6E1 /* crystalBallUITests.m */,
				3D93CC091B80F313001AD6E1 /* Info.plist */,
			);
			path = crystalBallUITests;
			sourceTree = "<group>";
		};
		3D93CC321B810395001AD6E1 /* Framework */ = {
			isa = PBXGroup;
			children = (
				3D93CC331B810395001AD6E1 /* AcousticModelEnglish.bundle */,
				3D93CC341B810395001AD6E1 /* AcousticModelSpanish.bundle */,
				3D93CC351B810395001AD6E1 /* OpenEars.framework */,
				3D93CC361B810395001AD6E1 /* Slt.framework */,
			);
			path = Framework;
			sourceTree = "<group>";
		};
/* End PBXGroup section */

/* Begin PBXNativeTarget section */
		3D93CBDE1B80F313001AD6E1 /* crystalBall */ = {
			isa = PBXNativeTarget;
			buildConfigurationList = 3D93CC0C1B80F313001AD6E1 /* Build configuration list for PBXNativeTarget "crystalBall" */;
			buildPhases = (
				3D93CBDB1B80F313001AD6E1 /* Sources */,
				3D93CBDC1B80F313001AD6E1 /* Frameworks */,
				3D93CBDD1B80F313001AD6E1 /* Resources */,
			);
			buildRules = (
			);
			dependencies = (
			);
			name = crystalBall;
			productName = crystalBall;
			productReference = 3D93CBDF1B80F313001AD6E1 /* crystalBall.app */;
			productType = "com.apple.product-type.application";
		};
		3D93CBF71B80F313001AD6E1 /* crystalBallTests */ = {
			isa = PBXNativeTarget;
			buildConfigurationList = 3D93CC0F1B80F313001AD6E1 /* Build configuration list for PBXNativeTarget "crystalBallTests" */;
			buildPhases = (
				3D93CBF41B80F313001AD6E1 /* Sources */,
				3D93CBF51B80F313001AD6E1 /* Frameworks */,
				3D93CBF61B80F313001AD6E1 /* Resources */,
			);
			buildRules = (
			);
			dependencies = (
				3D93CBFA1B80F313001AD6E1 /* PBXTargetDependency */,
			);
			name = crystalBallTests;
			productName = crystalBallTests;
			productReference = 3D93CBF81B80F313001AD6E1 /* crystalBallTests.xctest */;
			productType = "com.apple.product-type.bundle.unit-test";
		};
		3D93CC021B80F313001AD6E1 /* crystalBallUITests */ = {
			isa = PBXNativeTarget;
			buildConfigurationList = 3D93CC121B80F313001AD6E1 /* Build configuration list for PBXNativeTarget "crystalBallUITests" */;
			buildPhases = (
				3D93CBFF1B80F313001AD6E1 /* Sources */,
				3D93CC001B80F313001AD6E1 /* Frameworks */,
				3D93CC011B80F313001AD6E1 /* Resources */,
			);
			buildRules = (
			);
			dependencies = (
				3D93CC051B80F313001AD6E1 /* PBXTargetDependency */,
			);
			name = crystalBallUITests;
			productName = crystalBallUITests;
			productReference = 3D93CC031B80F313001AD6E1 /* crystalBallUITests.xctest */;
			productType = "com.apple.product-type.bundle.ui-testing";
		};
/* End PBXNativeTarget section */

/* Begin PBXProject section */
		3D93CBD71B80F312001AD6E1 /* Project object */ = {
			isa = PBXProject;
			attributes = {
				LastUpgradeCheck = 0700;
				ORGANIZATIONNAME = apps;
				TargetAttributes = {
					3D93CBDE1B80F313001AD6E1 = {
						CreatedOnToolsVersion = 7.0;
						DevelopmentTeam = 3358H79N3F;
					};
					3D93CBF71B80F313001AD6E1 = {
						CreatedOnToolsVersion = 7.0;
						TestTargetID = 3D93CBDE1B80F313001AD6E1;
					};
					3D93CC021B80F313001AD6E1 = {
						CreatedOnToolsVersion = 7.0;
						TestTargetID = 3D93CBDE1B80F313001AD6E1;
					};
				};
			};
			buildConfigurationList = 3D93CBDA1B80F312001AD6E1 /* Build configuration list for PBXProject "crystalBall" */;
			compatibilityVersion = "Xcode 3.2";
			developmentRegion = English;
			hasScannedForEncodings = 0;
			knownRegions = (
				en,
				Base,
			);
			mainGroup = 3D93CBD61B80F312001AD6E1;
			productRefGroup = 3D93CBE01B80F313001AD6E1 /* Products */;
			projectDirPath = "";
			projectRoot = "";
			targets = (
				3D93CBDE1B80F313001AD6E1 /* crystalBall */,
				3D93CBF71B80F313001AD6E1 /* crystalBallTests */,
				3D93CC021B80F313001AD6E1 /* crystalBallUITests */,
			);
		};
/* End PBXProject section */

/* Begin PBXResourcesBuildPhase section */
		3D93CBDD1B80F313001AD6E1 /* Resources */ = {
			isa = PBXResourcesBuildPhase;
			buildActionMask = 2147483647;
			files = (
				3D93CBF21B80F313001AD6E1 /* LaunchScreen.storyboard in Resources */,
				3D93CC9E1B8134C8001AD6E1 /* MyParticle.sks in Resources */,
				3D93CC381B810395001AD6E1 /* AcousticModelSpanish.bundle in Resources */,
				3D93CC9F1B8134C8001AD6E1 /* spark.png in Resources */,
				3D93CC371B810395001AD6E1 /* AcousticModelEnglish.bundle in Resources */,
				3D21399E1BA252AD00EBCB11 /* JandaManateeSolid.ttf in Resources */,
				3D93CBEF1B80F313001AD6E1 /* Assets.xcassets in Resources */,
				3D93CBED1B80F313001AD6E1 /* Main.storyboard in Resources */,
			);
			runOnlyForDeploymentPostprocessing = 0;
		};
		3D93CBF61B80F313001AD6E1 /* Resources */ = {
			isa = PBXResourcesBuildPhase;
			buildActionMask = 2147483647;
			files = (
			);
			runOnlyForDeploymentPostprocessing = 0;
		};
		3D93CC011B80F313001AD6E1 /* Resources */ = {
			isa = PBXResourcesBuildPhase;
			buildActionMask = 2147483647;
			files = (
			);
			runOnlyForDeploymentPostprocessing = 0;
		};
/* End PBXResourcesBuildPhase section */

/* Begin PBXSourcesBuildPhase section */
		3D93CBDB1B80F313001AD6E1 /* Sources */ = {
			isa = PBXSourcesBuildPhase;
			buildActionMask = 2147483647;
			files = (
				3D93CCA21B8135E1001AD6E1 /* DragonLady.m in Sources */,
				3D93CBEA1B80F313001AD6E1 /* ViewController.m in Sources */,
				3D93CBE71B80F313001AD6E1 /* AppDelegate.m in Sources */,
				3D93CBE41B80F313001AD6E1 /* main.m in Sources */,
				3D93CCA61B81379F001AD6E1 /* NSString+Emojize.m in Sources */,
			);
			runOnlyForDeploymentPostprocessing = 0;
		};
		3D93CBF41B80F313001AD6E1 /* Sources */ = {
			isa = PBXSourcesBuildPhase;
			buildActionMask = 2147483647;
			files = (
				3D93CBFD1B80F313001AD6E1 /* crystalBallTests.m in Sources */,
			);
			runOnlyForDeploymentPostprocessing = 0;
		};
		3D93CBFF1B80F313001AD6E1 /* Sources */ = {
			isa = PBXSourcesBuildPhase;
			buildActionMask = 2147483647;
			files = (
				3D93CC081B80F313001AD6E1 /* crystalBallUITests.m in Sources */,
			);
			runOnlyForDeploymentPostprocessing = 0;
		};
/* End PBXSourcesBuildPhase section */

/* Begin PBXTargetDependency section */
		3D93CBFA1B80F313001AD6E1 /* PBXTargetDependency */ = {
			isa = PBXTargetDependency;
			target = 3D93CBDE1B80F313001AD6E1 /* crystalBall */;
			targetProxy = 3D93CBF91B80F313001AD6E1 /* PBXContainerItemProxy */;
		};
		3D93CC051B80F313001AD6E1 /* PBXTargetDependency */ = {
			isa = PBXTargetDependency;
			target = 3D93CBDE1B80F313001AD6E1 /* crystalBall */;
			targetProxy = 3D93CC041B80F313001AD6E1 /* PBXContainerItemProxy */;
		};
/* End PBXTargetDependency section */

/* Begin PBXVariantGroup section */
		3D93CBEB1B80F313001AD6E1 /* Main.storyboard */ = {
			isa = PBXVariantGroup;
			children = (
				3D93CBEC1B80F313001AD6E1 /* Base */,
			);
			name = Main.storyboard;
			sourceTree = "<group>";
		};
		3D93CBF01B80F313001AD6E1 /* LaunchScreen.storyboard */ = {
			isa = PBXVariantGroup;
			children = (
				3D93CBF11B80F313001AD6E1 /* Base */,
			);
			name = LaunchScreen.storyboard;
			sourceTree = "<group>";
		};
/* End PBXVariantGroup section */

/* Begin XCBuildConfiguration section */
		3D93CC0A1B80F313001AD6E1 /* Debug */ = {
			isa = XCBuildConfiguration;
			buildSettings = {
				ALWAYS_SEARCH_USER_PATHS = NO;
				CLANG_CXX_LANGUAGE_STANDARD = "gnu++0x";
				CLANG_CXX_LIBRARY = "libc++";
				CLANG_ENABLE_MODULES = YES;
				CLANG_ENABLE_OBJC_ARC = YES;
				CLANG_WARN_BOOL_CONVERSION = YES;
				CLANG_WARN_CONSTANT_CONVERSION = YES;
				CLANG_WARN_DIRECT_OBJC_ISA_USAGE = YES_ERROR;
				CLANG_WARN_EMPTY_BODY = YES;
				CLANG_WARN_ENUM_CONVERSION = YES;
				CLANG_WARN_INT_CONVERSION = YES;
				CLANG_WARN_OBJC_ROOT_CLASS = YES_ERROR;
				CLANG_WARN_UNREACHABLE_CODE = YES;
				CLANG_WARN__DUPLICATE_METHOD_MATCH = YES;
				"CODE_SIGN_IDENTITY[sdk=iphoneos*]" = "iPhone Developer";
				COPY_PHASE_STRIP = NO;
				DEBUG_INFORMATION_FORMAT = dwarf;
				ENABLE_STRICT_OBJC_MSGSEND = YES;
				ENABLE_TESTABILITY = YES;
				GCC_C_LANGUAGE_STANDARD = gnu99;
				GCC_DYNAMIC_NO_PIC = NO;
				GCC_NO_COMMON_BLOCKS = YES;
				GCC_OPTIMIZATION_LEVEL = 0;
				GCC_PREPROCESSOR_DEFINITIONS = (
					"DEBUG=1",
					"$(inherited)",
				);
				GCC_WARN_64_TO_32_BIT_CONVERSION = YES;
				GCC_WARN_ABOUT_RETURN_TYPE = YES_ERROR;
				GCC_WARN_UNDECLARED_SELECTOR = YES;
				GCC_WARN_UNINITIALIZED_AUTOS = YES_AGGRESSIVE;
				GCC_WARN_UNUSED_FUNCTION = YES;
				GCC_WARN_UNUSED_VARIABLE = YES;
				IPHONEOS_DEPLOYMENT_TARGET = 9.0;
				MTL_ENABLE_DEBUG_INFO = YES;
				ONLY_ACTIVE_ARCH = YES;
				SDKROOT = iphoneos;
			};
			name = Debug;
		};
		3D93CC0B1B80F313001AD6E1 /* Release */ = {
			isa = XCBuildConfiguration;
			buildSettings = {
				ALWAYS_SEARCH_USER_PATHS = NO;
				CLANG_CXX_LANGUAGE_STANDARD = "gnu++0x";
				CLANG_CXX_LIBRARY = "libc++";
				CLANG_ENABLE_MODULES = YES;
				CLANG_ENABLE_OBJC_ARC = YES;
				CLANG_WARN_BOOL_CONVERSION = YES;
				CLANG_WARN_CONSTANT_CONVERSION = YES;
				CLANG_WARN_DIRECT_OBJC_ISA_USAGE = YES_ERROR;
				CLANG_WARN_EMPTY_BODY = YES;
				CLANG_WARN_ENUM_CONVERSION = YES;
				CLANG_WARN_INT_CONVERSION = YES;
				CLANG_WARN_OBJC_ROOT_CLASS = YES_ERROR;
				CLANG_WARN_UNREACHABLE_CODE = YES;
				CLANG_WARN__DUPLICATE_METHOD_MATCH = YES;
				"CODE_SIGN_IDENTITY[sdk=iphoneos*]" = "iPhone Developer";
				COPY_PHASE_STRIP = NO;
				DEBUG_INFORMATION_FORMAT = "dwarf-with-dsym";
				ENABLE_NS_ASSERTIONS = NO;
				ENABLE_STRICT_OBJC_MSGSEND = YES;
				GCC_C_LANGUAGE_STANDARD = gnu99;
				GCC_NO_COMMON_BLOCKS = YES;
				GCC_WARN_64_TO_32_BIT_CONVERSION = YES;
				GCC_WARN_ABOUT_RETURN_TYPE = YES_ERROR;
				GCC_WARN_UNDECLARED_SELECTOR = YES;
				GCC_WARN_UNINITIALIZED_AUTOS = YES_AGGRESSIVE;
				GCC_WARN_UNUSED_FUNCTION = YES;
				GCC_WARN_UNUSED_VARIABLE = YES;
				IPHONEOS_DEPLOYMENT_TARGET = 9.0;
				MTL_ENABLE_DEBUG_INFO = NO;
				SDKROOT = iphoneos;
				VALIDATE_PRODUCT = YES;
			};
			name = Release;
		};
		3D93CC0D1B80F313001AD6E1 /* Debug */ = {
			isa = XCBuildConfiguration;
			buildSettings = {
				ASSETCATALOG_COMPILER_APPICON_NAME = AppIcon;
				CODE_SIGN_IDENTITY = "iPhone Developer";
				"CODE_SIGN_IDENTITY[sdk=iphoneos*]" = "iPhone Developer";
				ENABLE_BITCODE = NO;
				FRAMEWORK_SEARCH_PATHS = (
					"$(inherited)",
					"$(PROJECT_DIR)/Framework",
				);
				INFOPLIST_FILE = crystalBall/Info.plist;
				IPHONEOS_DEPLOYMENT_TARGET = 8.1;
				LD_RUNPATH_SEARCH_PATHS = "$(inherited) @executable_path/Frameworks";
				PRODUCT_BUNDLE_IDENTIFIER = c4q.accesscode.zovfreullia.crystalBall;
				PRODUCT_NAME = "$(TARGET_NAME)";
				PROVISIONING_PROFILE = "";
			};
			name = Debug;
		};
		3D93CC0E1B80F313001AD6E1 /* Release */ = {
			isa = XCBuildConfiguration;
			buildSettings = {
				ASSETCATALOG_COMPILER_APPICON_NAME = AppIcon;
				CODE_SIGN_IDENTITY = "iPhone Developer";
				"CODE_SIGN_IDENTITY[sdk=iphoneos*]" = "iPhone Developer";
				ENABLE_BITCODE = NO;
				FRAMEWORK_SEARCH_PATHS = (
					"$(inherited)",
					"$(PROJECT_DIR)/Framework",
				);
				INFOPLIST_FILE = crystalBall/Info.plist;
				IPHONEOS_DEPLOYMENT_TARGET = 8.1;
				LD_RUNPATH_SEARCH_PATHS = "$(inherited) @executable_path/Frameworks";
				PRODUCT_BUNDLE_IDENTIFIER = c4q.accesscode.zovfreullia.crystalBall;
				PRODUCT_NAME = "$(TARGET_NAME)";
				PROVISIONING_PROFILE = "";
			};
			name = Release;
		};
		3D93CC101B80F313001AD6E1 /* Debug */ = {
			isa = XCBuildConfiguration;
			buildSettings = {
				BUNDLE_LOADER = "$(TEST_HOST)";
				INFOPLIST_FILE = crystalBallTests/Info.plist;
				LD_RUNPATH_SEARCH_PATHS = "$(inherited) @executable_path/Frameworks @loader_path/Frameworks";
				PRODUCT_BUNDLE_IDENTIFIER = c4q.accesscode.zovfreullia.crystalBallTests;
				PRODUCT_NAME = "$(TARGET_NAME)";
				TEST_HOST = "$(BUILT_PRODUCTS_DIR)/crystalBall.app/crystalBall";
			};
			name = Debug;
		};
		3D93CC111B80F313001AD6E1 /* Release */ = {
			isa = XCBuildConfiguration;
			buildSettings = {
				BUNDLE_LOADER = "$(TEST_HOST)";
				INFOPLIST_FILE = crystalBallTests/Info.plist;
				LD_RUNPATH_SEARCH_PATHS = "$(inherited) @executable_path/Frameworks @loader_path/Frameworks";
				PRODUCT_BUNDLE_IDENTIFIER = c4q.accesscode.zovfreullia.crystalBallTests;
				PRODUCT_NAME = "$(TARGET_NAME)";
				TEST_HOST = "$(BUILT_PRODUCTS_DIR)/crystalBall.app/crystalBall";
			};
			name = Release;
		};
		3D93CC131B80F313001AD6E1 /* Debug */ = {
			isa = XCBuildConfiguration;
			buildSettings = {
				INFOPLIST_FILE = crystalBallUITests/Info.plist;
				LD_RUNPATH_SEARCH_PATHS = "$(inherited) @executable_path/Frameworks @loader_path/Frameworks";
				PRODUCT_BUNDLE_IDENTIFIER = c4q.accesscode.zovfreullia.crystalBallUITests;
				PRODUCT_NAME = "$(TARGET_NAME)";
				TEST_TARGET_NAME = crystalBall;
				USES_XCTRUNNER = YES;
			};
			name = Debug;
		};
		3D93CC141B80F313001AD6E1 /* Release */ = {
			isa = XCBuildConfiguration;
			buildSettings = {
				INFOPLIST_FILE = crystalBallUITests/Info.plist;
				LD_RUNPATH_SEARCH_PATHS = "$(inherited) @executable_path/Frameworks @loader_path/Frameworks";
				PRODUCT_BUNDLE_IDENTIFIER = c4q.accesscode.zovfreullia.crystalBallUITests;
				PRODUCT_NAME = "$(TARGET_NAME)";
				TEST_TARGET_NAME = crystalBall;
				USES_XCTRUNNER = YES;
			};
			name = Release;
		};
/* End XCBuildConfiguration section */

/* Begin XCConfigurationList section */
		3D93CBDA1B80F312001AD6E1 /* Build configuration list for PBXProject "crystalBall" */ = {
			isa = XCConfigurationList;
			buildConfigurations = (
				3D93CC0A1B80F313001AD6E1 /* Debug */,
				3D93CC0B1B80F313001AD6E1 /* Release */,
			);
			defaultConfigurationIsVisible = 0;
			defaultConfigurationName = Release;
		};
		3D93CC0C1B80F313001AD6E1 /* Build configuration list for PBXNativeTarget "crystalBall" */ = {
			isa = XCConfigurationList;
			buildConfigurations = (
				3D93CC0D1B80F313001AD6E1 /* Debug */,
				3D93CC0E1B80F313001AD6E1 /* Release */,
			);
			defaultConfigurationIsVisible = 0;
			defaultConfigurationName = Release;
		};
		3D93CC0F1B80F313001AD6E1 /* Build configuration list for PBXNativeTarget "crystalBallTests" */ = {
			isa = XCConfigurationList;
			buildConfigurations = (
				3D93CC101B80F313001AD6E1 /* Debug */,
				3D93CC111B80F313001AD6E1 /* Release */,
			);
			defaultConfigurationIsVisible = 0;
			defaultConfigurationName = Release;
		};
		3D93CC121B80F313001AD6E1 /* Build configuration list for PBXNativeTarget "crystalBallUITests" */ = {
			isa = XCConfigurationList;
			buildConfigurations = (
				3D93CC131B80F313001AD6E1 /* Debug */,
				3D93CC141B80F313001AD6E1 /* Release */,
			);
			defaultConfigurationIsVisible = 0;
			defaultConfigurationName = Release;
		};
/* End XCConfigurationList section */
	};
	rootObject = 3D93CBD71B80F312001AD6E1 /* Project object */;
}
